// !$*UTF8*$!
{
	archiveVersion = 1;
	classes = {
	};
	objectVersion = 77;
	objects = {

/* Begin PBXBuildFile section */
		0583817A50770F13A097D723 /* SessionSpotlightIndexer.swift in Sources */ = {isa = PBXBuildFile; fileRef = A415685A0D0A05E2D83C2E80 /* SessionSpotlightIndexer.swift */; };
		073E41EA71909E5B707E6C8F /* CompanionService.swift in Sources */ = {isa = PBXBuildFile; fileRef = 56C79B6AF7BC32D952CE288D /* CompanionService.swift */; };
		0A72C7E22AABFE981A697D61 /* HapticManager.swift in Sources */ = {isa = PBXBuildFile; fileRef = 4D6DADF770C736556DE619E8 /* HapticManager.swift */; };
		0DFE46F6448C0F444E813EDA /* PinballGameView.swift in Sources */ = {isa = PBXBuildFile; fileRef = E52815FD9D7E14A86DCB78CE /* PinballGameView.swift */; };
		0F392FC0AA2338C0A74E24AC /* SessionsDeviceHubSheet.swift in Sources */ = {isa = PBXBuildFile; fileRef = C041FA6A8D2D06E5EE214F91 /* SessionsDeviceHubSheet.swift */; };
		1270ADEE5E5FD12CDE8FF534 /* CompanionSessionMiniLocalFirstTests.swift in Sources */ = {isa = PBXBuildFile; fileRef = 35C19CC05AA65A93F86B2A2E /* CompanionSessionMiniLocalFirstTests.swift */; };
		13C3246C36D7054C424ACD3F /* LooperSiriIntents.swift in Sources */ = {isa = PBXBuildFile; fileRef = 19E7C2A074BE52FD3EFF3A5A /* LooperSiriIntents.swift */; };
		1B102E499D134E2327B3DEAA /* NotificationDestinationRow.swift in Sources */ = {isa = PBXBuildFile; fileRef = 1E1EAEF6253E06B8D7EE6858 /* NotificationDestinationRow.swift */; };
		1C888B1B6FDC51811EFF8999 /* NotificationDestinationPresentationTests.swift in Sources */ = {isa = PBXBuildFile; fileRef = 5B3A507B08DC6CAC38D29A39 /* NotificationDestinationPresentationTests.swift */; };
		20A4F5E4BBBC0282AF2AEEBD /* HTTPCompanionService.swift in Sources */ = {isa = PBXBuildFile; fileRef = 46D0CBC75A906432C75B50F0 /* HTTPCompanionService.swift */; };
		21B87458E1EEB06E83802324 /* CompanionSessionMiniController.swift in Sources */ = {isa = PBXBuildFile; fileRef = 1C788690C3676F6C3E679F85 /* CompanionSessionMiniController.swift */; };
		293C8235B895D87F362AFB95 /* SettingsScreen.swift in Sources */ = {isa = PBXBuildFile; fileRef = 78346AF56F5D457B05954C0B /* SettingsScreen.swift */; };
		2A34AE718CDCD08514A6AE44 /* PinballSettingsKeys.swift in Sources */ = {isa = PBXBuildFile; fileRef = E617D40EED3319CDBD4B375F /* PinballSettingsKeys.swift */; };
		2D482EE05EA391F40E13CF7B /* PinballDebugOverlay.swift in Sources */ = {isa = PBXBuildFile; fileRef = 4FFB7D36843E32894E13BD2E /* PinballDebugOverlay.swift */; };
		2F0E0A2FC5EA825688BECDD4 /* LooperClientCore in Frameworks */ = {isa = PBXBuildFile; productRef = F580FEAB34C64461E8EBC953 /* LooperClientCore */; };
		31D8991779D663FED6D9E1BC /* CompanionTheme.swift in Sources */ = {isa = PBXBuildFile; fileRef = 6EC1A0190D9046B11D3FCC6B /* CompanionTheme.swift */; };
		3234EEB1D3D23E9E2A761B89 /* MazeGameView.swift in Sources */ = {isa = PBXBuildFile; fileRef = 9B6BD373F060250BF3162655 /* MazeGameView.swift */; };
		374B7D9C4BF732FB1BB93C94 /* Haptics.swift in Sources */ = {isa = PBXBuildFile; fileRef = 2E6662FF1A21320CE35B28AF /* Haptics.swift */; };
		38E8E8C03E05F340AFE5B061 /* SessionSearchScreen.swift in Sources */ = {isa = PBXBuildFile; fileRef = F02652A178B2079D63BC929D /* SessionSearchScreen.swift */; };
		3A526A3DBB71006AAAC58C17 /* GameScene.swift in Sources */ = {isa = PBXBuildFile; fileRef = D525E23B82E5CD10CC90FDC3 /* GameScene.swift */; };
		3AE7B647FFE2E6529D655E38 /* MotionController.swift in Sources */ = {isa = PBXBuildFile; fileRef = 80DC6E68627D2DF8604A322B /* MotionController.swift */; };
		3D4F937914550297AEEC1BC3 /* OrbCodeKit in Frameworks */ = {isa = PBXBuildFile; productRef = 350D9F7D4859AEE6C3EC0E64 /* OrbCodeKit */; };
		3D5A7809C8C19205CAEE478D /* AssistantClientGlyph.swift in Sources */ = {isa = PBXBuildFile; fileRef = AD847E9AD9142AA0F82C325D /* AssistantClientGlyph.swift */; };
		477018ADC22B0FD35932DC41 /* SessionSummaryTimingTests.swift in Sources */ = {isa = PBXBuildFile; fileRef = F3682C988B970F016B4236F9 /* SessionSummaryTimingTests.swift */; };
		4BDAA3BDB7862E0C3E4E1287 /* PhysicsCategories.swift in Sources */ = {isa = PBXBuildFile; fileRef = 02DBD5F231B613E410E6EA87 /* PhysicsCategories.swift */; };
		4EE3662DAE74D2551B56ED9B /* MockCompanionService.swift in Sources */ = {isa = PBXBuildFile; fileRef = 2489ABFC353256268974517A /* MockCompanionService.swift */; };
		550A7CF2EDFB91BD86928A53 /* LooperCompanionControlFlowUITests.swift in Sources */ = {isa = PBXBuildFile; fileRef = 2884BCEA8553EAA5C67C7968 /* LooperCompanionControlFlowUITests.swift */; };
		5824EF8E8A99FBA17624BCAA /* RealtimeCompanionClientFactory.swift in Sources */ = {isa = PBXBuildFile; fileRef = 6581F63EC979621078DC61CB /* RealtimeCompanionClientFactory.swift */; };
		5D7B6A01FCAB9937455A0FD0 /* PreviewFixtures.swift in Sources */ = {isa = PBXBuildFile; fileRef = EBB279558D716DB7C96FB9F4 /* PreviewFixtures.swift */; };
		5EFEDA0E1496D4866CF6A477 /* SpotlightIndexSyncWorker.swift in Sources */ = {isa = PBXBuildFile; fileRef = 80466873285B25A2D1353BE3 /* SpotlightIndexSyncWorker.swift */; };
		5F253CAD2F69E839F4AC07E3 /* CompanionConnectionCoordinator.swift in Sources */ = {isa = PBXBuildFile; fileRef = 64F157A38686F69FE4685AC3 /* CompanionConnectionCoordinator.swift */; };
		614C19333A96B2CAB6FA5888 /* CompanionAppModel.swift in Sources */ = {isa = PBXBuildFile; fileRef = 64E37B86C08140B9FF56A5C4 /* CompanionAppModel.swift */; };
		626E73486A4D4B1DA9409649 /* LooperCompanionApp.swift in Sources */ = {isa = PBXBuildFile; fileRef = 6F3F8AB98DA026EB40D6D0D3 /* LooperCompanionApp.swift */; };
		649D5A7BC8370586DD0D415C /* codex-logo-dark-poster.png in Resources */ = {isa = PBXBuildFile; fileRef = FC260B4728D2B8FA011C6F93 /* codex-logo-dark-poster.png */; };
		673C9351367103DAB387FCC7 /* codex-logo.mp4 in Resources */ = {isa = PBXBuildFile; fileRef = 62FF4BF9B2F8F7856941F6C2 /* codex-logo.mp4 */; };
		698E7359AA9B92B96EAC79B7 /* SessionDetailScreen.swift in Sources */ = {isa = PBXBuildFile; fileRef = 95DECA57A9C3520B2610DF89 /* SessionDetailScreen.swift */; };
		6AF9C85549D436BC7ED2A3A8 /* codex-logo-dark.mp4 in Resources */ = {isa = PBXBuildFile; fileRef = 8612A4DB482A88E8AD59D972 /* codex-logo-dark.mp4 */; };
		71037DCDA89369D211A5CB58 /* SessionQuickActionCenter.swift in Sources */ = {isa = PBXBuildFile; fileRef = BD83527C256675DC251E3F3A /* SessionQuickActionCenter.swift */; };
		762A51A5389EBC15CD308698 /* SessionSearchModel.swift in Sources */ = {isa = PBXBuildFile; fileRef = E26E5665E69C8705992001B8 /* SessionSearchModel.swift */; };
		7CDF49AAA7F79DA10FFF49A7 /* SessionEntityAnnotation.swift in Sources */ = {isa = PBXBuildFile; fileRef = 362DE6A2482D17C7B3B97192 /* SessionEntityAnnotation.swift */; };
		7FAF4B3AB03D36D13F699C73 /* LooperRealtime in Frameworks */ = {isa = PBXBuildFile; productRef = 4DA44BA34CBFEA3F1050C46E /* LooperRealtime */; };
		815F93B4B67E08B8B6EC1403 /* CompanionPasskeyAuthenticationClient.swift in Sources */ = {isa = PBXBuildFile; fileRef = 159FD17AAA6C5CCCD0000D92 /* CompanionPasskeyAuthenticationClient.swift */; };
		8207D620B5E98F8453ADCF5E /* CompanionEnvironment.swift in Sources */ = {isa = PBXBuildFile; fileRef = EA934ED81A5417EE98638467 /* CompanionEnvironment.swift */; };
		83AD3F34EE457B18B40893F4 /* RootTabView.swift in Sources */ = {isa = PBXBuildFile; fileRef = 64992FB2DA134F019F69163E /* RootTabView.swift */; };
		83D0C5873A613A55B9CAEB88 /* notification-orb.png in Resources */ = {isa = PBXBuildFile; fileRef = 9FCDE85806224DF019E36874 /* notification-orb.png */; };
		8524708890E94F68FD81CFEC /* CompanionSnapshotCache.swift in Sources */ = {isa = PBXBuildFile; fileRef = 5A83C6002A487F6E039D22B0 /* CompanionSnapshotCache.swift */; };
		8690578148653BB37BE2A2E2 /* AppIntents.framework in Frameworks */ = {isa = PBXBuildFile; fileRef = 33D26D1804CDCE3146E4985A /* AppIntents.framework */; };
		87806A0E76460378123DBCAD /* LiveOrbCameraScannerView.swift in Sources */ = {isa = PBXBuildFile; fileRef = 3F45BF02832653F4817CA280 /* LiveOrbCameraScannerView.swift */; };
		8B6CB0A811613F054EFD021B /* OnboardingScreen.swift in Sources */ = {isa = PBXBuildFile; fileRef = 7038F1ECA616F6FCCCBB27BF /* OnboardingScreen.swift */; };
		8F7CB6A4E80D99E28BC0F6DA /* CompanionNotificationReplyCoordinator.swift in Sources */ = {isa = PBXBuildFile; fileRef = 6D0DD7FEBBE1C3353B828485 /* CompanionNotificationReplyCoordinator.swift */; };
		903103D600804B62253BDCB3 /* MarkdownMessageView.swift in Sources */ = {isa = PBXBuildFile; fileRef = 75873BB45591016088027654 /* MarkdownMessageView.swift */; };
		913D972992CF173197037276 /* SessionRow.swift in Sources */ = {isa = PBXBuildFile; fileRef = 1AE006F2F407024A15E4727F /* SessionRow.swift */; };
		93130249F7C31EC788DCD5E9 /* UIBodySynchronizer.swift in Sources */ = {isa = PBXBuildFile; fileRef = 1425D9C9F419BAA476E8430F /* UIBodySynchronizer.swift */; };
		945B8B939A36C71B76A6D228 /* CompanionSessionMiniLocalStore.swift in Sources */ = {isa = PBXBuildFile; fileRef = C80CC290869079749E6F36D5 /* CompanionSessionMiniLocalStore.swift */; };
		961C8BD940EFE071CCF54F0D /* LocalNotificationManager.swift in Sources */ = {isa = PBXBuildFile; fileRef = A181613E2D3F61BA7CED0659 /* LocalNotificationManager.swift */; };
		98570EE0A02C19145C52A031 /* CompanionModels.swift in Sources */ = {isa = PBXBuildFile; fileRef = 4B853A44BD4EC54518692819 /* CompanionModels.swift */; };
		98B40F9B225EEFDE1AFFE537 /* RemotePushRegistrar.swift in Sources */ = {isa = PBXBuildFile; fileRef = CF3944B1E9ABDAD59BD37452 /* RemotePushRegistrar.swift */; };
		9976ADE2586A2EB32821F7F3 /* G006LocalFirstSelfTest.swift in Sources */ = {isa = PBXBuildFile; fileRef = 0E8C880C3A1B330FEE7D46C5 /* G006LocalFirstSelfTest.swift */; };
		99C302A2036DAEDDD87A0CBD /* AppIconManager.swift in Sources */ = {isa = PBXBuildFile; fileRef = 49A08A0BF1DC8EB3B7B333CF /* AppIconManager.swift */; };
		A075E99DA429033BC81CF2D6 /* SpotlightSearchService.swift in Sources */ = {isa = PBXBuildFile; fileRef = ACE4AA7E26A90DEF6007679B /* SpotlightSearchService.swift */; };
		A5EF972A8241CA28D7373C86 /* LocalNetworkAccessMonitor.swift in Sources */ = {isa = PBXBuildFile; fileRef = FEEAB251407D816C043AE607 /* LocalNetworkAccessMonitor.swift */; };
		A648E7D55E958E45B4145511 /* LooperCurrentSessionResolver.swift in Sources */ = {isa = PBXBuildFile; fileRef = 7BEAE51E686023A9E2A0ED70 /* LooperCurrentSessionResolver.swift */; };
		A6CE50C55BF7F4B3E91803C0 /* SKNode+Debug.swift in Sources */ = {isa = PBXBuildFile; fileRef = 35F13390658F0003A8AB6656 /* SKNode+Debug.swift */; };
		AC398A4365589659672558F5 /* Preview Assets.xcassets in Resources */ = {isa = PBXBuildFile; fileRef = B574A6D33E4D4266BD522D3F /* Preview Assets.xcassets */; };
		AEE02BA4C8872FDFB121F4F2 /* CompanionConfiguration.swift in Sources */ = {isa = PBXBuildFile; fileRef = 150B19C23F529638DF99E573 /* CompanionConfiguration.swift */; };
		AEFD49C255BE922C3919FEE4 /* DiffBlockView.swift in Sources */ = {isa = PBXBuildFile; fileRef = 36C1BA5B608C2E2179EDC93B /* DiffBlockView.swift */; };
		B17C9F2AEA6D0C42142A0661 /* CompanionDevicePasskeyStore.swift in Sources */ = {isa = PBXBuildFile; fileRef = CF358D2391C7291C45B052B8 /* CompanionDevicePasskeyStore.swift */; };
		BA1A26A088E5157DCA412AC3 /* CompanionAppAuthenticator.swift in Sources */ = {isa = PBXBuildFile; fileRef = D19E934D92F2115337B79EB6 /* CompanionAppAuthenticator.swift */; };
		C7FDB71A399DED377B511A0F /* StatusPill.swift in Sources */ = {isa = PBXBuildFile; fileRef = B9D9AC6F0B6668F69F4314D1 /* StatusPill.swift */; };
		C8D57262A2803BA61F7ECDCC /* Assets.xcassets in Resources */ = {isa = PBXBuildFile; fileRef = 9B53B1A0B059EE4D0710267A /* Assets.xcassets */; };
		C92208423C54AA12BD80295D /* CompanionNotificationCoordinator.swift in Sources */ = {isa = PBXBuildFile; fileRef = 90A2A96C023EF2E0BA44E996 /* CompanionNotificationCoordinator.swift */; };
		CFEA7233B0827765E88A1346 /* SessionsScreen.swift in Sources */ = {isa = PBXBuildFile; fileRef = 75F3F5A6F101C8D0578A7CA7 /* SessionsScreen.swift */; };
		DB8D397922B1F1D52B93AC00 /* codex-logo-poster.png in Resources */ = {isa = PBXBuildFile; fileRef = AAC18AF27E6A1E8F0909C45F /* codex-logo-poster.png */; };
		DC1CD73D168047D3DB4ED4C4 /* CompanionMobileSessionStore.swift in Sources */ = {isa = PBXBuildFile; fileRef = 61C5887DE537870958CF9338 /* CompanionMobileSessionStore.swift */; };
		DC4C3ED5A508D6EC8369A9DF /* OrbScannerScreen.swift in Sources */ = {isa = PBXBuildFile; fileRef = 76D0B59CE7C1F5F875BAFD28 /* OrbScannerScreen.swift */; };
		DEADABB2FAB9574917ACDCB3 /* LooperCompanionCore in Frameworks */ = {isa = PBXBuildFile; productRef = 4A1CE795142C8C486736E592 /* LooperCompanionCore */; };
		E2EAF24D303EE6B8D48B349B /* LooperSiriSessionSupport.swift in Sources */ = {isa = PBXBuildFile; fileRef = 3B740E73AB088B6BE7D38869 /* LooperSiriSessionSupport.swift */; };
		E72635F4B1397B348BF0E6A4 /* CompanionSessionMutationCoordinator.swift in Sources */ = {isa = PBXBuildFile; fileRef = F549C1F92C6CB5BBEDBC5C7C /* CompanionSessionMutationCoordinator.swift */; };
		EAA54213C4FE63B54944CF58 /* UITestLaunchArguments.swift in Sources */ = {isa = PBXBuildFile; fileRef = 97689277AC6F86ED5E681D2D /* UITestLaunchArguments.swift */; };
		F8CEA95579671A21AF796C46 /* SessionSearchRows.swift in Sources */ = {isa = PBXBuildFile; fileRef = A37F135BB1B061C9ACFE9DCD /* SessionSearchRows.swift */; };
		F8F4812717098C17D15013E5 /* MazeGeneration.swift in Sources */ = {isa = PBXBuildFile; fileRef = 9311389A18A6C387B3DE1AEE /* MazeGeneration.swift */; };
/* End PBXBuildFile section */

/* Begin PBXContainerItemProxy section */
		1B4CF83C84F91C05F5BB7C60 /* PBXContainerItemProxy */ = {
			isa = PBXContainerItemProxy;
			containerPortal = 7142F25756133A2B39C55DB4 /* Project object */;
			proxyType = 1;
			remoteGlobalIDString = 7CBCFA6E5D4C16F49B195F2B;
			remoteInfo = LooperCompanion;
		};
		F68EB7BBFFA6CA77A65FA752 /* PBXContainerItemProxy */ = {
			isa = PBXContainerItemProxy;
			containerPortal = 7142F25756133A2B39C55DB4 /* Project object */;
			proxyType = 1;
			remoteGlobalIDString = 7CBCFA6E5D4C16F49B195F2B;
			remoteInfo = LooperCompanion;
		};
/* End PBXContainerItemProxy section */

/* Begin PBXFileReference section */
		02DBD5F231B613E410E6EA87 /* PhysicsCategories.swift */ = {isa = PBXFileReference; lastKnownFileType = sourcecode.swift; path = PhysicsCategories.swift; sourceTree = "<group>"; };
		0CF6709FF4CA6D01C8716342 /* LooperClientCore */ = {isa = PBXFileReference; lastKnownFileType = folder; name = LooperClientCore; path = ../swift/LooperClientCore; sourceTree = SOURCE_ROOT; };
		0E8C880C3A1B330FEE7D46C5 /* G006LocalFirstSelfTest.swift */ = {isa = PBXFileReference; lastKnownFileType = sourcecode.swift; path = G006LocalFirstSelfTest.swift; sourceTree = "<group>"; };
		1425D9C9F419BAA476E8430F /* UIBodySynchronizer.swift */ = {isa = PBXFileReference; lastKnownFileType = sourcecode.swift; path = UIBodySynchronizer.swift; sourceTree = "<group>"; };
		150B19C23F529638DF99E573 /* CompanionConfiguration.swift */ = {isa = PBXFileReference; lastKnownFileType = sourcecode.swift; path = CompanionConfiguration.swift; sourceTree = "<group>"; };
		155542B6D3718553CC20717F /* LooperCompanion.app */ = {isa = PBXFileReference; includeInIndex = 0; lastKnownFileType = wrapper.application; path = LooperCompanion.app; sourceTree = BUILT_PRODUCTS_DIR; };
		159FD17AAA6C5CCCD0000D92 /* CompanionPasskeyAuthenticationClient.swift */ = {isa = PBXFileReference; lastKnownFileType = sourcecode.swift; path = CompanionPasskeyAuthenticationClient.swift; sourceTree = "<group>"; };
		19E7C2A074BE52FD3EFF3A5A /* LooperSiriIntents.swift */ = {isa = PBXFileReference; lastKnownFileType = sourcecode.swift; path = LooperSiriIntents.swift; sourceTree = "<group>"; };
		1AE006F2F407024A15E4727F /* SessionRow.swift */ = {isa = PBXFileReference; lastKnownFileType = sourcecode.swift; path = SessionRow.swift; sourceTree = "<group>"; };
		1C788690C3676F6C3E679F85 /* CompanionSessionMiniController.swift */ = {isa = PBXFileReference; lastKnownFileType = sourcecode.swift; path = CompanionSessionMiniController.swift; sourceTree = "<group>"; };
		1E1EAEF6253E06B8D7EE6858 /* NotificationDestinationRow.swift */ = {isa = PBXFileReference; lastKnownFileType = sourcecode.swift; path = NotificationDestinationRow.swift; sourceTree = "<group>"; };
		2489ABFC353256268974517A /* MockCompanionService.swift */ = {isa = PBXFileReference; lastKnownFileType = sourcecode.swift; path = MockCompanionService.swift; sourceTree = "<group>"; };
		2884BCEA8553EAA5C67C7968 /* LooperCompanionControlFlowUITests.swift */ = {isa = PBXFileReference; lastKnownFileType = sourcecode.swift; path = LooperCompanionControlFlowUITests.swift; sourceTree = "<group>"; };
		2B3093E7EB74B9D6D47A41A0 /* LooperCompanion.Release.entitlements */ = {isa = PBXFileReference; lastKnownFileType = text.plist.entitlements; path = LooperCompanion.Release.entitlements; sourceTree = "<group>"; };
		2E6662FF1A21320CE35B28AF /* Haptics.swift */ = {isa = PBXFileReference; lastKnownFileType = sourcecode.swift; path = Haptics.swift; sourceTree = "<group>"; };
		33D26D1804CDCE3146E4985A /* AppIntents.framework */ = {isa = PBXFileReference; lastKnownFileType = wrapper.framework; name = AppIntents.framework; path = System/Library/Frameworks/AppIntents.framework; sourceTree = SDKROOT; };
		35C19CC05AA65A93F86B2A2E /* CompanionSessionMiniLocalFirstTests.swift */ = {isa = PBXFileReference; lastKnownFileType = sourcecode.swift; path = CompanionSessionMiniLocalFirstTests.swift; sourceTree = "<group>"; };
		35F13390658F0003A8AB6656 /* SKNode+Debug.swift */ = {isa = PBXFileReference; lastKnownFileType = sourcecode.swift; path = "SKNode+Debug.swift"; sourceTree = "<group>"; };
		362DE6A2482D17C7B3B97192 /* SessionEntityAnnotation.swift */ = {isa = PBXFileReference; lastKnownFileType = sourcecode.swift; path = SessionEntityAnnotation.swift; sourceTree = "<group>"; };
		36C1BA5B608C2E2179EDC93B /* DiffBlockView.swift */ = {isa = PBXFileReference; lastKnownFileType = sourcecode.swift; path = DiffBlockView.swift; sourceTree = "<group>"; };
		3B740E73AB088B6BE7D38869 /* LooperSiriSessionSupport.swift */ = {isa = PBXFileReference; lastKnownFileType = sourcecode.swift; path = LooperSiriSessionSupport.swift; sourceTree = "<group>"; };
		3F45BF02832653F4817CA280 /* LiveOrbCameraScannerView.swift */ = {isa = PBXFileReference; lastKnownFileType = sourcecode.swift; path = LiveOrbCameraScannerView.swift; sourceTree = "<group>"; };
		46D0CBC75A906432C75B50F0 /* HTTPCompanionService.swift */ = {isa = PBXFileReference; lastKnownFileType = sourcecode.swift; path = HTTPCompanionService.swift; sourceTree = "<group>"; };
		49A08A0BF1DC8EB3B7B333CF /* AppIconManager.swift */ = {isa = PBXFileReference; lastKnownFileType = sourcecode.swift; path = AppIconManager.swift; sourceTree = "<group>"; };
		4B853A44BD4EC54518692819 /* CompanionModels.swift */ = {isa = PBXFileReference; lastKnownFileType = sourcecode.swift; path = CompanionModels.swift; sourceTree = "<group>"; };
		4D6DADF770C736556DE619E8 /* HapticManager.swift */ = {isa = PBXFileReference; lastKnownFileType = sourcecode.swift; path = HapticManager.swift; sourceTree = "<group>"; };
		4FFB7D36843E32894E13BD2E /* PinballDebugOverlay.swift */ = {isa = PBXFileReference; lastKnownFileType = sourcecode.swift; path = PinballDebugOverlay.swift; sourceTree = "<group>"; };
		5596E2F00F71A1D4FBC8A7DB /* LooperCompanionUITests.xctest */ = {isa = PBXFileReference; includeInIndex = 0; lastKnownFileType = wrapper.cfbundle; path = LooperCompanionUITests.xctest; sourceTree = BUILT_PRODUCTS_DIR; };
		56C79B6AF7BC32D952CE288D /* CompanionService.swift */ = {isa = PBXFileReference; lastKnownFileType = sourcecode.swift; path = CompanionService.swift; sourceTree = "<group>"; };
		57284556E78E9BB265560A6A /* LooperRealtime */ = {isa = PBXFileReference; lastKnownFileType = folder; name = LooperRealtime; path = ../swift/LooperRealtime; sourceTree = SOURCE_ROOT; };
		5A83C6002A487F6E039D22B0 /* CompanionSnapshotCache.swift */ = {isa = PBXFileReference; lastKnownFileType = sourcecode.swift; path = CompanionSnapshotCache.swift; sourceTree = "<group>"; };
		5B3A507B08DC6CAC38D29A39 /* NotificationDestinationPresentationTests.swift */ = {isa = PBXFileReference; lastKnownFileType = sourcecode.swift; path = NotificationDestinationPresentationTests.swift; sourceTree = "<group>"; };
		61C5887DE537870958CF9338 /* CompanionMobileSessionStore.swift */ = {isa = PBXFileReference; lastKnownFileType = sourcecode.swift; path = CompanionMobileSessionStore.swift; sourceTree = "<group>"; };
		62FF4BF9B2F8F7856941F6C2 /* codex-logo.mp4 */ = {isa = PBXFileReference; path = "codex-logo.mp4"; sourceTree = "<group>"; };
		64992FB2DA134F019F69163E /* RootTabView.swift */ = {isa = PBXFileReference; lastKnownFileType = sourcecode.swift; path = RootTabView.swift; sourceTree = "<group>"; };
		64E37B86C08140B9FF56A5C4 /* CompanionAppModel.swift */ = {isa = PBXFileReference; lastKnownFileType = sourcecode.swift; path = CompanionAppModel.swift; sourceTree = "<group>"; };
		64F157A38686F69FE4685AC3 /* CompanionConnectionCoordinator.swift */ = {isa = PBXFileReference; lastKnownFileType = sourcecode.swift; path = CompanionConnectionCoordinator.swift; sourceTree = "<group>"; };
		6581F63EC979621078DC61CB /* RealtimeCompanionClientFactory.swift */ = {isa = PBXFileReference; lastKnownFileType = sourcecode.swift; path = RealtimeCompanionClientFactory.swift; sourceTree = "<group>"; };
		66B602FC6F0126FEDA7623BA /* OrbCodeKit */ = {isa = PBXFileReference; lastKnownFileType = folder; name = OrbCodeKit; path = OrbCodeKit; sourceTree = SOURCE_ROOT; };
		6D0DD7FEBBE1C3353B828485 /* CompanionNotificationReplyCoordinator.swift */ = {isa = PBXFileReference; lastKnownFileType = sourcecode.swift; path = CompanionNotificationReplyCoordinator.swift; sourceTree = "<group>"; };
		6EC1A0190D9046B11D3FCC6B /* CompanionTheme.swift */ = {isa = PBXFileReference; lastKnownFileType = sourcecode.swift; path = CompanionTheme.swift; sourceTree = "<group>"; };
		6F3F8AB98DA026EB40D6D0D3 /* LooperCompanionApp.swift */ = {isa = PBXFileReference; lastKnownFileType = sourcecode.swift; path = LooperCompanionApp.swift; sourceTree = "<group>"; };
		7038F1ECA616F6FCCCBB27BF /* OnboardingScreen.swift */ = {isa = PBXFileReference; lastKnownFileType = sourcecode.swift; path = OnboardingScreen.swift; sourceTree = "<group>"; };
		75873BB45591016088027654 /* MarkdownMessageView.swift */ = {isa = PBXFileReference; lastKnownFileType = sourcecode.swift; path = MarkdownMessageView.swift; sourceTree = "<group>"; };
		75F3F5A6F101C8D0578A7CA7 /* SessionsScreen.swift */ = {isa = PBXFileReference; lastKnownFileType = sourcecode.swift; path = SessionsScreen.swift; sourceTree = "<group>"; };
		76D0B59CE7C1F5F875BAFD28 /* OrbScannerScreen.swift */ = {isa = PBXFileReference; lastKnownFileType = sourcecode.swift; path = OrbScannerScreen.swift; sourceTree = "<group>"; };
		78346AF56F5D457B05954C0B /* SettingsScreen.swift */ = {isa = PBXFileReference; lastKnownFileType = sourcecode.swift; path = SettingsScreen.swift; sourceTree = "<group>"; };
		7BEAE51E686023A9E2A0ED70 /* LooperCurrentSessionResolver.swift */ = {isa = PBXFileReference; lastKnownFileType = sourcecode.swift; path = LooperCurrentSessionResolver.swift; sourceTree = "<group>"; };
		80466873285B25A2D1353BE3 /* SpotlightIndexSyncWorker.swift */ = {isa = PBXFileReference; lastKnownFileType = sourcecode.swift; path = SpotlightIndexSyncWorker.swift; sourceTree = "<group>"; };
		80DC6E68627D2DF8604A322B /* MotionController.swift */ = {isa = PBXFileReference; lastKnownFileType = sourcecode.swift; path = MotionController.swift; sourceTree = "<group>"; };
		8612A4DB482A88E8AD59D972 /* codex-logo-dark.mp4 */ = {isa = PBXFileReference; path = "codex-logo-dark.mp4"; sourceTree = "<group>"; };
		87FA042B24EC95034F4916F9 /* LooperCompanion.Debug.entitlements */ = {isa = PBXFileReference; lastKnownFileType = text.plist.entitlements; path = LooperCompanion.Debug.entitlements; sourceTree = "<group>"; };
		90A2A96C023EF2E0BA44E996 /* CompanionNotificationCoordinator.swift */ = {isa = PBXFileReference; lastKnownFileType = sourcecode.swift; path = CompanionNotificationCoordinator.swift; sourceTree = "<group>"; };
		9311389A18A6C387B3DE1AEE /* MazeGeneration.swift */ = {isa = PBXFileReference; lastKnownFileType = sourcecode.swift; path = MazeGeneration.swift; sourceTree = "<group>"; };
		95DECA57A9C3520B2610DF89 /* SessionDetailScreen.swift */ = {isa = PBXFileReference; lastKnownFileType = sourcecode.swift; path = SessionDetailScreen.swift; sourceTree = "<group>"; };
		97689277AC6F86ED5E681D2D /* UITestLaunchArguments.swift */ = {isa = PBXFileReference; lastKnownFileType = sourcecode.swift; path = UITestLaunchArguments.swift; sourceTree = "<group>"; };
		9B53B1A0B059EE4D0710267A /* Assets.xcassets */ = {isa = PBXFileReference; lastKnownFileType = folder.assetcatalog; path = Assets.xcassets; sourceTree = "<group>"; };
		9B6BD373F060250BF3162655 /* MazeGameView.swift */ = {isa = PBXFileReference; lastKnownFileType = sourcecode.swift; path = MazeGameView.swift; sourceTree = "<group>"; };
		9FCDE85806224DF019E36874 /* notification-orb.png */ = {isa = PBXFileReference; lastKnownFileType = image.png; path = "notification-orb.png"; sourceTree = "<group>"; };
		A181613E2D3F61BA7CED0659 /* LocalNotificationManager.swift */ = {isa = PBXFileReference; lastKnownFileType = sourcecode.swift; path = LocalNotificationManager.swift; sourceTree = "<group>"; };
		A37F135BB1B061C9ACFE9DCD /* SessionSearchRows.swift */ = {isa = PBXFileReference; lastKnownFileType = sourcecode.swift; path = SessionSearchRows.swift; sourceTree = "<group>"; };
		A415685A0D0A05E2D83C2E80 /* SessionSpotlightIndexer.swift */ = {isa = PBXFileReference; lastKnownFileType = sourcecode.swift; path = SessionSpotlightIndexer.swift; sourceTree = "<group>"; };
		AAC18AF27E6A1E8F0909C45F /* codex-logo-poster.png */ = {isa = PBXFileReference; lastKnownFileType = image.png; path = "codex-logo-poster.png"; sourceTree = "<group>"; };
		ACE4AA7E26A90DEF6007679B /* SpotlightSearchService.swift */ = {isa = PBXFileReference; lastKnownFileType = sourcecode.swift; path = SpotlightSearchService.swift; sourceTree = "<group>"; };
		AD847E9AD9142AA0F82C325D /* AssistantClientGlyph.swift */ = {isa = PBXFileReference; lastKnownFileType = sourcecode.swift; path = AssistantClientGlyph.swift; sourceTree = "<group>"; };
		B574A6D33E4D4266BD522D3F /* Preview Assets.xcassets */ = {isa = PBXFileReference; lastKnownFileType = folder.assetcatalog; path = "Preview Assets.xcassets"; sourceTree = "<group>"; };
		B652E921D017E22E586FFDED /* LooperCompanionCore */ = {isa = PBXFileReference; lastKnownFileType = folder; name = LooperCompanionCore; path = LooperCompanionCore; sourceTree = SOURCE_ROOT; };
		B9D9AC6F0B6668F69F4314D1 /* StatusPill.swift */ = {isa = PBXFileReference; lastKnownFileType = sourcecode.swift; path = StatusPill.swift; sourceTree = "<group>"; };
		BD83527C256675DC251E3F3A /* SessionQuickActionCenter.swift */ = {isa = PBXFileReference; lastKnownFileType = sourcecode.swift; path = SessionQuickActionCenter.swift; sourceTree = "<group>"; };
		C041FA6A8D2D06E5EE214F91 /* SessionsDeviceHubSheet.swift */ = {isa = PBXFileReference; lastKnownFileType = sourcecode.swift; path = SessionsDeviceHubSheet.swift; sourceTree = "<group>"; };
		C80CC290869079749E6F36D5 /* CompanionSessionMiniLocalStore.swift */ = {isa = PBXFileReference; lastKnownFileType = sourcecode.swift; path = CompanionSessionMiniLocalStore.swift; sourceTree = "<group>"; };
		C908F2696CD222D37561EB90 /* LooperCompanionTests.xctest */ = {isa = PBXFileReference; includeInIndex = 0; lastKnownFileType = wrapper.cfbundle; path = LooperCompanionTests.xctest; sourceTree = BUILT_PRODUCTS_DIR; };
		CF358D2391C7291C45B052B8 /* CompanionDevicePasskeyStore.swift */ = {isa = PBXFileReference; lastKnownFileType = sourcecode.swift; path = CompanionDevicePasskeyStore.swift; sourceTree = "<group>"; };
		CF3944B1E9ABDAD59BD37452 /* RemotePushRegistrar.swift */ = {isa = PBXFileReference; lastKnownFileType = sourcecode.swift; path = RemotePushRegistrar.swift; sourceTree = "<group>"; };
		D19E934D92F2115337B79EB6 /* CompanionAppAuthenticator.swift */ = {isa = PBXFileReference; lastKnownFileType = sourcecode.swift; path = CompanionAppAuthenticator.swift; sourceTree = "<group>"; };
		D525E23B82E5CD10CC90FDC3 /* GameScene.swift */ = {isa = PBXFileReference; lastKnownFileType = sourcecode.swift; path = GameScene.swift; sourceTree = "<group>"; };
		DB14C4FA82BF7D389C6F98E1 /* Info.plist */ = {isa = PBXFileReference; lastKnownFileType = text.plist; path = Info.plist; sourceTree = "<group>"; };
		E26E5665E69C8705992001B8 /* SessionSearchModel.swift */ = {isa = PBXFileReference; lastKnownFileType = sourcecode.swift; path = SessionSearchModel.swift; sourceTree = "<group>"; };
		E52815FD9D7E14A86DCB78CE /* PinballGameView.swift */ = {isa = PBXFileReference; lastKnownFileType = sourcecode.swift; path = PinballGameView.swift; sourceTree = "<group>"; };
		E617D40EED3319CDBD4B375F /* PinballSettingsKeys.swift */ = {isa = PBXFileReference; lastKnownFileType = sourcecode.swift; path = PinballSettingsKeys.swift; sourceTree = "<group>"; };
		EA934ED81A5417EE98638467 /* CompanionEnvironment.swift */ = {isa = PBXFileReference; lastKnownFileType = sourcecode.swift; path = CompanionEnvironment.swift; sourceTree = "<group>"; };
		EBB279558D716DB7C96FB9F4 /* PreviewFixtures.swift */ = {isa = PBXFileReference; lastKnownFileType = sourcecode.swift; path = PreviewFixtures.swift; sourceTree = "<group>"; };
		F02652A178B2079D63BC929D /* SessionSearchScreen.swift */ = {isa = PBXFileReference; lastKnownFileType = sourcecode.swift; path = SessionSearchScreen.swift; sourceTree = "<group>"; };
		F3682C988B970F016B4236F9 /* SessionSummaryTimingTests.swift */ = {isa = PBXFileReference; lastKnownFileType = sourcecode.swift; path = SessionSummaryTimingTests.swift; sourceTree = "<group>"; };
		F549C1F92C6CB5BBEDBC5C7C /* CompanionSessionMutationCoordinator.swift */ = {isa = PBXFileReference; lastKnownFileType = sourcecode.swift; path = CompanionSessionMutationCoordinator.swift; sourceTree = "<group>"; };
		FC260B4728D2B8FA011C6F93 /* codex-logo-dark-poster.png */ = {isa = PBXFileReference; lastKnownFileType = image.png; path = "codex-logo-dark-poster.png"; sourceTree = "<group>"; };
		FEEAB251407D816C043AE607 /* LocalNetworkAccessMonitor.swift */ = {isa = PBXFileReference; lastKnownFileType = sourcecode.swift; path = LocalNetworkAccessMonitor.swift; sourceTree = "<group>"; };
/* End PBXFileReference section */

/* Begin PBXFrameworksBuildPhase section */
		A61B69F31BDE6E4CEFD6C563 /* Frameworks */ = {
			isa = PBXFrameworksBuildPhase;
			buildActionMask = 2147483647;
			files = (
				DEADABB2FAB9574917ACDCB3 /* LooperCompanionCore in Frameworks */,
				2F0E0A2FC5EA825688BECDD4 /* LooperClientCore in Frameworks */,
				3D4F937914550297AEEC1BC3 /* OrbCodeKit in Frameworks */,
				7FAF4B3AB03D36D13F699C73 /* LooperRealtime in Frameworks */,
				8690578148653BB37BE2A2E2 /* AppIntents.framework in Frameworks */,
			);
			runOnlyForDeploymentPostprocessing = 0;
		};
/* End PBXFrameworksBuildPhase section */

/* Begin PBXGroup section */
		09D0350D5749846F75B1F1BC /* Pinball */ = {
			isa = PBXGroup;
			children = (
				D525E23B82E5CD10CC90FDC3 /* GameScene.swift */,
				4D6DADF770C736556DE619E8 /* HapticManager.swift */,
				80DC6E68627D2DF8604A322B /* MotionController.swift */,
				02DBD5F231B613E410E6EA87 /* PhysicsCategories.swift */,
				4FFB7D36843E32894E13BD2E /* PinballDebugOverlay.swift */,
				E52815FD9D7E14A86DCB78CE /* PinballGameView.swift */,
				1425D9C9F419BAA476E8430F /* UIBodySynchronizer.swift */,
			);
			path = Pinball;
			sourceTree = "<group>";
		};
		155466AAA3EB4282D4BC87E1 /* LooperCompanionUITests */ = {
			isa = PBXGroup;
			children = (
				2884BCEA8553EAA5C67C7968 /* LooperCompanionControlFlowUITests.swift */,
			);
			path = LooperCompanionUITests;
			sourceTree = "<group>";
		};
		28DFFCD51B447E38915A6DC1 /* Packages */ = {
			isa = PBXGroup;
			children = (
				0CF6709FF4CA6D01C8716342 /* LooperClientCore */,
				B652E921D017E22E586FFDED /* LooperCompanionCore */,
				57284556E78E9BB265560A6A /* LooperRealtime */,
				66B602FC6F0126FEDA7623BA /* OrbCodeKit */,
			);
			name = Packages;
			sourceTree = "<group>";
		};
		2E2CDC964788013933505897 /* Maze */ = {
			isa = PBXGroup;
			children = (
				9B6BD373F060250BF3162655 /* MazeGameView.swift */,
				9311389A18A6C387B3DE1AEE /* MazeGeneration.swift */,
			);
			path = Maze;
			sourceTree = "<group>";
		};
		2F1F59F9903130A6D58EE36C /* Common */ = {
			isa = PBXGroup;
			children = (
				AD847E9AD9142AA0F82C325D /* AssistantClientGlyph.swift */,
				1E1EAEF6253E06B8D7EE6858 /* NotificationDestinationRow.swift */,
				B9D9AC6F0B6668F69F4314D1 /* StatusPill.swift */,
			);
			path = Common;
			sourceTree = "<group>";
		};
		3C0A80A8DF771FB019C9DC4F /* Products */ = {
			isa = PBXGroup;
			children = (
				155542B6D3718553CC20717F /* LooperCompanion.app */,
				C908F2696CD222D37561EB90 /* LooperCompanionTests.xctest */,
				5596E2F00F71A1D4FBC8A7DB /* LooperCompanionUITests.xctest */,
			);
			name = Products;
			sourceTree = "<group>";
		};
		3DE989835FC412CEA09D7F52 /* Scanner */ = {
			isa = PBXGroup;
			children = (
				3F45BF02832653F4817CA280 /* LiveOrbCameraScannerView.swift */,
				76D0B59CE7C1F5F875BAFD28 /* OrbScannerScreen.swift */,
			);
			path = Scanner;
			sourceTree = "<group>";
		};
		513C913E5CBD442859FEA513 /* Frameworks */ = {
			isa = PBXGroup;
			children = (
				33D26D1804CDCE3146E4985A /* AppIntents.framework */,
			);
			name = Frameworks;
			sourceTree = "<group>";
		};
		53DAF5879CE42F41EDBBFE0E /* Root */ = {
			isa = PBXGroup;
			children = (
				7038F1ECA616F6FCCCBB27BF /* OnboardingScreen.swift */,
				64992FB2DA134F019F69163E /* RootTabView.swift */,
			);
			path = Root;
			sourceTree = "<group>";
		};
		6FBDD0A0DB1F2E386DBB1019 /* LooperCompanionTests */ = {
			isa = PBXGroup;
			children = (
				35C19CC05AA65A93F86B2A2E /* CompanionSessionMiniLocalFirstTests.swift */,
				5B3A507B08DC6CAC38D29A39 /* NotificationDestinationPresentationTests.swift */,
				F3682C988B970F016B4236F9 /* SessionSummaryTimingTests.swift */,
			);
			path = LooperCompanionTests;
			sourceTree = "<group>";
		};
		744173B7F70D09504251A3FA /* AppIntents */ = {
			isa = PBXGroup;
			children = (
				7BEAE51E686023A9E2A0ED70 /* LooperCurrentSessionResolver.swift */,
				19E7C2A074BE52FD3EFF3A5A /* LooperSiriIntents.swift */,
				3B740E73AB088B6BE7D38869 /* LooperSiriSessionSupport.swift */,
			);
			path = AppIntents;
			sourceTree = "<group>";
		};
		76FC1DE5699F0B77C3661A2A /* Models */ = {
			isa = PBXGroup;
			children = (
				4B853A44BD4EC54518692819 /* CompanionModels.swift */,
			);
			path = Models;
			sourceTree = "<group>";
		};
		7CBB10C0C69476EB6EE8B54E /* Resources */ = {
			isa = PBXGroup;
			children = (
				FC260B4728D2B8FA011C6F93 /* codex-logo-dark-poster.png */,
				8612A4DB482A88E8AD59D972 /* codex-logo-dark.mp4 */,
				AAC18AF27E6A1E8F0909C45F /* codex-logo-poster.png */,
				62FF4BF9B2F8F7856941F6C2 /* codex-logo.mp4 */,
				9FCDE85806224DF019E36874 /* notification-orb.png */,
			);
			path = Resources;
			sourceTree = "<group>";
		};
		853BAE846FD75D8A9077C32B /* Services */ = {
			isa = PBXGroup;
			children = (
				64F157A38686F69FE4685AC3 /* CompanionConnectionCoordinator.swift */,
				90A2A96C023EF2E0BA44E996 /* CompanionNotificationCoordinator.swift */,
				6D0DD7FEBBE1C3353B828485 /* CompanionNotificationReplyCoordinator.swift */,
				56C79B6AF7BC32D952CE288D /* CompanionService.swift */,
				1C788690C3676F6C3E679F85 /* CompanionSessionMiniController.swift */,
				C80CC290869079749E6F36D5 /* CompanionSessionMiniLocalStore.swift */,
				F549C1F92C6CB5BBEDBC5C7C /* CompanionSessionMutationCoordinator.swift */,
				46D0CBC75A906432C75B50F0 /* HTTPCompanionService.swift */,
				2489ABFC353256268974517A /* MockCompanionService.swift */,
				6581F63EC979621078DC61CB /* RealtimeCompanionClientFactory.swift */,
				A415685A0D0A05E2D83C2E80 /* SessionSpotlightIndexer.swift */,
				80466873285B25A2D1353BE3 /* SpotlightIndexSyncWorker.swift */,
				ACE4AA7E26A90DEF6007679B /* SpotlightSearchService.swift */,
			);
			path = Services;
			sourceTree = "<group>";
		};
		914286F132B908555009B4A7 /* App */ = {
			isa = PBXGroup;
			children = (
				D19E934D92F2115337B79EB6 /* CompanionAppAuthenticator.swift */,
				64E37B86C08140B9FF56A5C4 /* CompanionAppModel.swift */,
				150B19C23F529638DF99E573 /* CompanionConfiguration.swift */,
				CF358D2391C7291C45B052B8 /* CompanionDevicePasskeyStore.swift */,
				EA934ED81A5417EE98638467 /* CompanionEnvironment.swift */,
				61C5887DE537870958CF9338 /* CompanionMobileSessionStore.swift */,
				159FD17AAA6C5CCCD0000D92 /* CompanionPasskeyAuthenticationClient.swift */,
				5A83C6002A487F6E039D22B0 /* CompanionSnapshotCache.swift */,
				6F3F8AB98DA026EB40D6D0D3 /* LooperCompanionApp.swift */,
			);
			path = App;
			sourceTree = "<group>";
		};
		9E776A95797A70DB35A4F289 /* UI */ = {
			isa = PBXGroup;
			children = (
				2F1F59F9903130A6D58EE36C /* Common */,
				2E2CDC964788013933505897 /* Maze */,
				09D0350D5749846F75B1F1BC /* Pinball */,
				53DAF5879CE42F41EDBBFE0E /* Root */,
				3DE989835FC412CEA09D7F52 /* Scanner */,
				ECF72270D3970D33F062E881 /* Sessions */,
				F1F2DA9CF7DD4B083E4A0C6F /* Settings */,
			);
			path = UI;
			sourceTree = "<group>";
		};
		A1A5ECF52C54A9331160D605 /* Extensions */ = {
			isa = PBXGroup;
			children = (
				35F13390658F0003A8AB6656 /* SKNode+Debug.swift */,
			);
			path = Extensions;
			sourceTree = "<group>";
		};
		A301FC12935AB470C07D61B3 /* Preview Content */ = {
			isa = PBXGroup;
			children = (
				B574A6D33E4D4266BD522D3F /* Preview Assets.xcassets */,
			);
			path = "Preview Content";
			sourceTree = "<group>";
		};
		AF0B8F711A735F4564DA799E = {
			isa = PBXGroup;
			children = (
				E020333B7121030F5C46068D /* LooperCompanion */,
				6FBDD0A0DB1F2E386DBB1019 /* LooperCompanionTests */,
				155466AAA3EB4282D4BC87E1 /* LooperCompanionUITests */,
				28DFFCD51B447E38915A6DC1 /* Packages */,
				513C913E5CBD442859FEA513 /* Frameworks */,
				3C0A80A8DF771FB019C9DC4F /* Products */,
			);
			sourceTree = "<group>";
		};
		E020333B7121030F5C46068D /* LooperCompanion */ = {
			isa = PBXGroup;
			children = (
				9B53B1A0B059EE4D0710267A /* Assets.xcassets */,
				DB14C4FA82BF7D389C6F98E1 /* Info.plist */,
				87FA042B24EC95034F4916F9 /* LooperCompanion.Debug.entitlements */,
				2B3093E7EB74B9D6D47A41A0 /* LooperCompanion.Release.entitlements */,
				914286F132B908555009B4A7 /* App */,
				744173B7F70D09504251A3FA /* AppIntents */,
				A1A5ECF52C54A9331160D605 /* Extensions */,
				76FC1DE5699F0B77C3661A2A /* Models */,
				A301FC12935AB470C07D61B3 /* Preview Content */,
				7CBB10C0C69476EB6EE8B54E /* Resources */,
				853BAE846FD75D8A9077C32B /* Services */,
				F7BB380AEACC87EBE26AE1A7 /* Support */,
				9E776A95797A70DB35A4F289 /* UI */,
			);
			path = LooperCompanion;
			sourceTree = "<group>";
		};
		ECF72270D3970D33F062E881 /* Sessions */ = {
			isa = PBXGroup;
			children = (
				36C1BA5B608C2E2179EDC93B /* DiffBlockView.swift */,
				75873BB45591016088027654 /* MarkdownMessageView.swift */,
				95DECA57A9C3520B2610DF89 /* SessionDetailScreen.swift */,
				362DE6A2482D17C7B3B97192 /* SessionEntityAnnotation.swift */,
				1AE006F2F407024A15E4727F /* SessionRow.swift */,
				C041FA6A8D2D06E5EE214F91 /* SessionsDeviceHubSheet.swift */,
				E26E5665E69C8705992001B8 /* SessionSearchModel.swift */,
				A37F135BB1B061C9ACFE9DCD /* SessionSearchRows.swift */,
				F02652A178B2079D63BC929D /* SessionSearchScreen.swift */,
				75F3F5A6F101C8D0578A7CA7 /* SessionsScreen.swift */,
			);
			path = Sessions;
			sourceTree = "<group>";
		};
		F1F2DA9CF7DD4B083E4A0C6F /* Settings */ = {
			isa = PBXGroup;
			children = (
				78346AF56F5D457B05954C0B /* SettingsScreen.swift */,
			);
			path = Settings;
			sourceTree = "<group>";
		};
		F7BB380AEACC87EBE26AE1A7 /* Support */ = {
			isa = PBXGroup;
			children = (
				49A08A0BF1DC8EB3B7B333CF /* AppIconManager.swift */,
				6EC1A0190D9046B11D3FCC6B /* CompanionTheme.swift */,
				0E8C880C3A1B330FEE7D46C5 /* G006LocalFirstSelfTest.swift */,
				2E6662FF1A21320CE35B28AF /* Haptics.swift */,
				FEEAB251407D816C043AE607 /* LocalNetworkAccessMonitor.swift */,
				A181613E2D3F61BA7CED0659 /* LocalNotificationManager.swift */,
				E617D40EED3319CDBD4B375F /* PinballSettingsKeys.swift */,
				EBB279558D716DB7C96FB9F4 /* PreviewFixtures.swift */,
				CF3944B1E9ABDAD59BD37452 /* RemotePushRegistrar.swift */,
				BD83527C256675DC251E3F3A /* SessionQuickActionCenter.swift */,
				97689277AC6F86ED5E681D2D /* UITestLaunchArguments.swift */,
			);
			path = Support;
			sourceTree = "<group>";
		};
/* End PBXGroup section */

/* Begin PBXNativeTarget section */
		34D254D8F98B31AA515229F5 /* LooperCompanionTests */ = {
			isa = PBXNativeTarget;
			buildConfigurationList = 45D88147CC7AB97DDAC0D3F5 /* Build configuration list for PBXNativeTarget "LooperCompanionTests" */;
			buildPhases = (
				6E8BB1D3C8E38E41457EAA17 /* Sources */,
			);
			buildRules = (
			);
			dependencies = (
				DC9FEC050A73557705F39C3B /* PBXTargetDependency */,
			);
			name = LooperCompanionTests;
			packageProductDependencies = (
			);
			productName = LooperCompanionTests;
			productReference = C908F2696CD222D37561EB90 /* LooperCompanionTests.xctest */;
			productType = "com.apple.product-type.bundle.unit-test";
		};
		6BA2BE776CEA543E71F2F0F4 /* LooperCompanionUITests */ = {
			isa = PBXNativeTarget;
			buildConfigurationList = ACC22C126C08F6E3D4F9B1D9 /* Build configuration list for PBXNativeTarget "LooperCompanionUITests" */;
			buildPhases = (
				9FB2FC0FBABD9E06703EA476 /* Sources */,
			);
			buildRules = (
			);
			dependencies = (
				0807A2F7940399E50EC5A43F /* PBXTargetDependency */,
			);
			name = LooperCompanionUITests;
			packageProductDependencies = (
			);
			productName = LooperCompanionUITests;
			productReference = 5596E2F00F71A1D4FBC8A7DB /* LooperCompanionUITests.xctest */;
			productType = "com.apple.product-type.bundle.ui-testing";
		};
		7CBCFA6E5D4C16F49B195F2B /* LooperCompanion */ = {
			isa = PBXNativeTarget;
			buildConfigurationList = 2B57DF95CA95A8C0454D7783 /* Build configuration list for PBXNativeTarget "LooperCompanion" */;
			buildPhases = (
				73F5552B7230CDE405CA8B81 /* Sources */,
				37A5AD77BC16D42C3575BDBC /* Resources */,
				A61B69F31BDE6E4CEFD6C563 /* Frameworks */,
			);
			buildRules = (
			);
			dependencies = (
			);
			name = LooperCompanion;
			packageProductDependencies = (
				4A1CE795142C8C486736E592 /* LooperCompanionCore */,
				F580FEAB34C64461E8EBC953 /* LooperClientCore */,
				350D9F7D4859AEE6C3EC0E64 /* OrbCodeKit */,
				4DA44BA34CBFEA3F1050C46E /* LooperRealtime */,
			);
			productName = LooperCompanion;
			productReference = 155542B6D3718553CC20717F /* LooperCompanion.app */;
			productType = "com.apple.product-type.application";
		};
/* End PBXNativeTarget section */

/* Begin PBXProject section */
		7142F25756133A2B39C55DB4 /* Project object */ = {
			isa = PBXProject;
			attributes = {
				BuildIndependentTargetsInParallel = YES;
				LastUpgradeCheck = 1430;
				TargetAttributes = {
					34D254D8F98B31AA515229F5 = {
						DevelopmentTeam = Z5454ZPPUX;
						ProvisioningStyle = Automatic;
					};
					6BA2BE776CEA543E71F2F0F4 = {
						DevelopmentTeam = Z5454ZPPUX;
						ProvisioningStyle = Automatic;
						TestTargetID = 7CBCFA6E5D4C16F49B195F2B;
					};
					7CBCFA6E5D4C16F49B195F2B = {
						DevelopmentTeam = Z5454ZPPUX;
						ProvisioningStyle = Automatic;
					};
				};
			};
			buildConfigurationList = 981ECBB889F3998E7E702FCB /* Build configuration list for PBXProject "LooperCompanion" */;
			compatibilityVersion = "Xcode 14.0";
			developmentRegion = en;
			hasScannedForEncodings = 0;
			knownRegions = (
				Base,
				en,
			);
			mainGroup = AF0B8F711A735F4564DA799E;
			minimizedProjectReferenceProxies = 1;
			packageReferences = (
				0EC860B1916B3DCDE31793A5 /* XCLocalSwiftPackageReference "../swift/LooperClientCore" */,
				B9671D4CAD974AF88DD98B73 /* XCLocalSwiftPackageReference "LooperCompanionCore" */,
				9D4ED450CF4A03C5F17E1BAA /* XCLocalSwiftPackageReference "../swift/LooperRealtime" */,
				3554AC755BD33C16845B5833 /* XCLocalSwiftPackageReference "OrbCodeKit" */,
			);
			preferredProjectObjectVersion = 77;
			projectDirPath = "";
			projectRoot = "";
			targets = (
				7CBCFA6E5D4C16F49B195F2B /* LooperCompanion */,
				34D254D8F98B31AA515229F5 /* LooperCompanionTests */,
				6BA2BE776CEA543E71F2F0F4 /* LooperCompanionUITests */,
			);
		};
/* End PBXProject section */

/* Begin PBXResourcesBuildPhase section */
		37A5AD77BC16D42C3575BDBC /* Resources */ = {
			isa = PBXResourcesBuildPhase;
			buildActionMask = 2147483647;
			files = (
				C8D57262A2803BA61F7ECDCC /* Assets.xcassets in Resources */,
				AC398A4365589659672558F5 /* Preview Assets.xcassets in Resources */,
				649D5A7BC8370586DD0D415C /* codex-logo-dark-poster.png in Resources */,
				6AF9C85549D436BC7ED2A3A8 /* codex-logo-dark.mp4 in Resources */,
				DB8D397922B1F1D52B93AC00 /* codex-logo-poster.png in Resources */,
				673C9351367103DAB387FCC7 /* codex-logo.mp4 in Resources */,
				83D0C5873A613A55B9CAEB88 /* notification-orb.png in Resources */,
			);
			runOnlyForDeploymentPostprocessing = 0;
		};
/* End PBXResourcesBuildPhase section */

/* Begin PBXSourcesBuildPhase section */
		6E8BB1D3C8E38E41457EAA17 /* Sources */ = {
			isa = PBXSourcesBuildPhase;
			buildActionMask = 2147483647;
			files = (
				1270ADEE5E5FD12CDE8FF534 /* CompanionSessionMiniLocalFirstTests.swift in Sources */,
				1C888B1B6FDC51811EFF8999 /* NotificationDestinationPresentationTests.swift in Sources */,
				477018ADC22B0FD35932DC41 /* SessionSummaryTimingTests.swift in Sources */,
			);
			runOnlyForDeploymentPostprocessing = 0;
		};
		73F5552B7230CDE405CA8B81 /* Sources */ = {
			isa = PBXSourcesBuildPhase;
			buildActionMask = 2147483647;
			files = (
				99C302A2036DAEDDD87A0CBD /* AppIconManager.swift in Sources */,
				3D5A7809C8C19205CAEE478D /* AssistantClientGlyph.swift in Sources */,
				BA1A26A088E5157DCA412AC3 /* CompanionAppAuthenticator.swift in Sources */,
				614C19333A96B2CAB6FA5888 /* CompanionAppModel.swift in Sources */,
				AEE02BA4C8872FDFB121F4F2 /* CompanionConfiguration.swift in Sources */,
				5F253CAD2F69E839F4AC07E3 /* CompanionConnectionCoordinator.swift in Sources */,
				B17C9F2AEA6D0C42142A0661 /* CompanionDevicePasskeyStore.swift in Sources */,
				8207D620B5E98F8453ADCF5E /* CompanionEnvironment.swift in Sources */,
				DC1CD73D168047D3DB4ED4C4 /* CompanionMobileSessionStore.swift in Sources */,
				98570EE0A02C19145C52A031 /* CompanionModels.swift in Sources */,
				C92208423C54AA12BD80295D /* CompanionNotificationCoordinator.swift in Sources */,
				8F7CB6A4E80D99E28BC0F6DA /* CompanionNotificationReplyCoordinator.swift in Sources */,
				815F93B4B67E08B8B6EC1403 /* CompanionPasskeyAuthenticationClient.swift in Sources */,
				073E41EA71909E5B707E6C8F /* CompanionService.swift in Sources */,
				21B87458E1EEB06E83802324 /* CompanionSessionMiniController.swift in Sources */,
				945B8B939A36C71B76A6D228 /* CompanionSessionMiniLocalStore.swift in Sources */,
				E72635F4B1397B348BF0E6A4 /* CompanionSessionMutationCoordinator.swift in Sources */,
				8524708890E94F68FD81CFEC /* CompanionSnapshotCache.swift in Sources */,
				31D8991779D663FED6D9E1BC /* CompanionTheme.swift in Sources */,
				AEFD49C255BE922C3919FEE4 /* DiffBlockView.swift in Sources */,
				9976ADE2586A2EB32821F7F3 /* G006LocalFirstSelfTest.swift in Sources */,
				3A526A3DBB71006AAAC58C17 /* GameScene.swift in Sources */,
				20A4F5E4BBBC0282AF2AEEBD /* HTTPCompanionService.swift in Sources */,
				0A72C7E22AABFE981A697D61 /* HapticManager.swift in Sources */,
				374B7D9C4BF732FB1BB93C94 /* Haptics.swift in Sources */,
				87806A0E76460378123DBCAD /* LiveOrbCameraScannerView.swift in Sources */,
				A5EF972A8241CA28D7373C86 /* LocalNetworkAccessMonitor.swift in Sources */,
				961C8BD940EFE071CCF54F0D /* LocalNotificationManager.swift in Sources */,
				626E73486A4D4B1DA9409649 /* LooperCompanionApp.swift in Sources */,
				A648E7D55E958E45B4145511 /* LooperCurrentSessionResolver.swift in Sources */,
				13C3246C36D7054C424ACD3F /* LooperSiriIntents.swift in Sources */,
				E2EAF24D303EE6B8D48B349B /* LooperSiriSessionSupport.swift in Sources */,
				903103D600804B62253BDCB3 /* MarkdownMessageView.swift in Sources */,
				3234EEB1D3D23E9E2A761B89 /* MazeGameView.swift in Sources */,
				F8F4812717098C17D15013E5 /* MazeGeneration.swift in Sources */,
				4EE3662DAE74D2551B56ED9B /* MockCompanionService.swift in Sources */,
				3AE7B647FFE2E6529D655E38 /* MotionController.swift in Sources */,
				1B102E499D134E2327B3DEAA /* NotificationDestinationRow.swift in Sources */,
				8B6CB0A811613F054EFD021B /* OnboardingScreen.swift in Sources */,
				DC4C3ED5A508D6EC8369A9DF /* OrbScannerScreen.swift in Sources */,
				4BDAA3BDB7862E0C3E4E1287 /* PhysicsCategories.swift in Sources */,
				2D482EE05EA391F40E13CF7B /* PinballDebugOverlay.swift in Sources */,
				0DFE46F6448C0F444E813EDA /* PinballGameView.swift in Sources */,
				2A34AE718CDCD08514A6AE44 /* PinballSettingsKeys.swift in Sources */,
				5D7B6A01FCAB9937455A0FD0 /* PreviewFixtures.swift in Sources */,
				5824EF8E8A99FBA17624BCAA /* RealtimeCompanionClientFactory.swift in Sources */,
				98B40F9B225EEFDE1AFFE537 /* RemotePushRegistrar.swift in Sources */,
				83AD3F34EE457B18B40893F4 /* RootTabView.swift in Sources */,
				A6CE50C55BF7F4B3E91803C0 /* SKNode+Debug.swift in Sources */,
				698E7359AA9B92B96EAC79B7 /* SessionDetailScreen.swift in Sources */,
				7CDF49AAA7F79DA10FFF49A7 /* SessionEntityAnnotation.swift in Sources */,
				71037DCDA89369D211A5CB58 /* SessionQuickActionCenter.swift in Sources */,
				913D972992CF173197037276 /* SessionRow.swift in Sources */,
				762A51A5389EBC15CD308698 /* SessionSearchModel.swift in Sources */,
				F8CEA95579671A21AF796C46 /* SessionSearchRows.swift in Sources */,
				38E8E8C03E05F340AFE5B061 /* SessionSearchScreen.swift in Sources */,
				0583817A50770F13A097D723 /* SessionSpotlightIndexer.swift in Sources */,
				0F392FC0AA2338C0A74E24AC /* SessionsDeviceHubSheet.swift in Sources */,
				CFEA7233B0827765E88A1346 /* SessionsScreen.swift in Sources */,
				293C8235B895D87F362AFB95 /* SettingsScreen.swift in Sources */,
				5EFEDA0E1496D4866CF6A477 /* SpotlightIndexSyncWorker.swift in Sources */,
				A075E99DA429033BC81CF2D6 /* SpotlightSearchService.swift in Sources */,
				C7FDB71A399DED377B511A0F /* StatusPill.swift in Sources */,
				93130249F7C31EC788DCD5E9 /* UIBodySynchronizer.swift in Sources */,
				EAA54213C4FE63B54944CF58 /* UITestLaunchArguments.swift in Sources */,
			);
			runOnlyForDeploymentPostprocessing = 0;
		};
		9FB2FC0FBABD9E06703EA476 /* Sources */ = {
			isa = PBXSourcesBuildPhase;
			buildActionMask = 2147483647;
			files = (
				550A7CF2EDFB91BD86928A53 /* LooperCompanionControlFlowUITests.swift in Sources */,
			);
			runOnlyForDeploymentPostprocessing = 0;
		};
/* End PBXSourcesBuildPhase section */

/* Begin PBXTargetDependency section */
		0807A2F7940399E50EC5A43F /* PBXTargetDependency */ = {
			isa = PBXTargetDependency;
			target = 7CBCFA6E5D4C16F49B195F2B /* LooperCompanion */;
			targetProxy = F68EB7BBFFA6CA77A65FA752 /* PBXContainerItemProxy */;
		};
		DC9FEC050A73557705F39C3B /* PBXTargetDependency */ = {
			isa = PBXTargetDependency;
			target = 7CBCFA6E5D4C16F49B195F2B /* LooperCompanion */;
			targetProxy = 1B4CF83C84F91C05F5BB7C60 /* PBXContainerItemProxy */;
		};
/* End PBXTargetDependency section */

/* Begin XCBuildConfiguration section */
		60D83E814B5149C38098C24A /* Release */ = {
			isa = XCBuildConfiguration;
			buildSettings = {
				ASSETCATALOG_COMPILER_APPICON_NAME = AppIcon;
				CODE_SIGN_ENTITLEMENTS = LooperCompanion/LooperCompanion.Release.entitlements;
				CODE_SIGN_IDENTITY = "iPhone Developer";
				CODE_SIGN_STYLE = Automatic;
				CURRENT_PROJECT_VERSION = 2;
				DEVELOPMENT_ASSET_PATHS = "\"LooperCompanion/Preview Content\"";
				DEVELOPMENT_TEAM = Z5454ZPPUX;
				"EXCLUDED_ARCHS[sdk=iphonesimulator*]" = x86_64;
				GENERATE_INFOPLIST_FILE = NO;
				INFOPLIST_FILE = LooperCompanion/Info.plist;
				IPHONEOS_DEPLOYMENT_TARGET = 18.0;
				LD_RUNPATH_SEARCH_PATHS = (
					"$(inherited)",
					"@executable_path/Frameworks",
				);
				LOOPER_API_BASE_URL = "";
				LOOPER_API_BASE_URLS = "";
				MARKETING_VERSION = 1.2.0;
				PRODUCT_BUNDLE_IDENTIFIER = dev.looper.app.ios;
				PRODUCT_NAME = Looper;
				SDKROOT = iphoneos;
				SUPPORTED_PLATFORMS = "iphoneos iphonesimulator";
				SUPPORTS_MACCATALYST = NO;
				TARGETED_DEVICE_FAMILY = 1;
			};
			name = Release;
		};
		74C2D17975D26DCD63F6691B /* Release */ = {
			isa = XCBuildConfiguration;
			buildSettings = {
				ALWAYS_SEARCH_USER_PATHS = NO;
				CLANG_ANALYZER_NONNULL = YES;
				CLANG_ANALYZER_NUMBER_OBJECT_CONVERSION = YES_AGGRESSIVE;
				CLANG_CXX_LANGUAGE_STANDARD = "gnu++14";
				CLANG_CXX_LIBRARY = "libc++";
				CLANG_ENABLE_MODULES = YES;
				CLANG_ENABLE_OBJC_ARC = YES;
				CLANG_ENABLE_OBJC_WEAK = YES;
				CLANG_WARN_BLOCK_CAPTURE_AUTORELEASING = YES;
				CLANG_WARN_BOOL_CONVERSION = YES;
				CLANG_WARN_COMMA = YES;
				CLANG_WARN_CONSTANT_CONVERSION = YES;
				CLANG_WARN_DEPRECATED_OBJC_IMPLEMENTATIONS = YES;
				CLANG_WARN_DIRECT_OBJC_ISA_USAGE = YES_ERROR;
				CLANG_WARN_DOCUMENTATION_COMMENTS = YES;
				CLANG_WARN_EMPTY_BODY = YES;
				CLANG_WARN_ENUM_CONVERSION = YES;
				CLANG_WARN_INFINITE_RECURSION = YES;
				CLANG_WARN_INT_CONVERSION = YES;
				CLANG_WARN_NON_LITERAL_NULL_CONVERSION = YES;
				CLANG_WARN_OBJC_IMPLICIT_RETAIN_SELF = YES;
				CLANG_WARN_OBJC_LITERAL_CONVERSION = YES;
				CLANG_WARN_OBJC_ROOT_CLASS = YES_ERROR;
				CLANG_WARN_QUOTED_INCLUDE_IN_FRAMEWORK_HEADER = YES;
				CLANG_WARN_RANGE_LOOP_ANALYSIS = YES;
				CLANG_WARN_STRICT_PROTOTYPES = YES;
				CLANG_WARN_SUSPICIOUS_MOVE = YES;
				CLANG_WARN_UNGUARDED_AVAILABILITY = YES_AGGRESSIVE;
				CLANG_WARN_UNREACHABLE_CODE = YES;
				CLANG_WARN__DUPLICATE_METHOD_MATCH = YES;
				COPY_PHASE_STRIP = NO;
				DEBUG_INFORMATION_FORMAT = "dwarf-with-dsym";
				ENABLE_NS_ASSERTIONS = NO;
				ENABLE_STRICT_OBJC_MSGSEND = YES;
				GCC_C_LANGUAGE_STANDARD = gnu11;
				GCC_NO_COMMON_BLOCKS = YES;
				GCC_WARN_64_TO_32_BIT_CONVERSION = YES;
				GCC_WARN_ABOUT_RETURN_TYPE = YES_ERROR;
				GCC_WARN_UNDECLARED_SELECTOR = YES;
				GCC_WARN_UNINITIALIZED_AUTOS = YES_AGGRESSIVE;
				GCC_WARN_UNUSED_FUNCTION = YES;
				GCC_WARN_UNUSED_VARIABLE = YES;
				MTL_ENABLE_DEBUG_INFO = NO;
				MTL_FAST_MATH = YES;
				PRODUCT_NAME = "$(TARGET_NAME)";
				SDKROOT = iphoneos;
				SUPPORTED_PLATFORMS = "iphoneos iphonesimulator";
				SWIFT_COMPILATION_MODE = wholemodule;
				SWIFT_OPTIMIZATION_LEVEL = "-O";
				SWIFT_VERSION = 6.0;
			};
			name = Release;
		};
		761DA15A67BC4322EA6B0E43 /* Debug */ = {
			isa = XCBuildConfiguration;
			buildSettings = {
				BUNDLE_LOADER = "$(TEST_HOST)";
				CODE_SIGN_STYLE = Automatic;
				DEVELOPMENT_TEAM = Z5454ZPPUX;
				GENERATE_INFOPLIST_FILE = YES;
				IPHONEOS_DEPLOYMENT_TARGET = 18.0;
				LD_RUNPATH_SEARCH_PATHS = (
					"$(inherited)",
					"@executable_path/Frameworks",
					"@loader_path/Frameworks",
				);
				PRODUCT_BUNDLE_IDENTIFIER = dev.looper.app.ios.tests;
				PRODUCT_NAME = LooperCompanionTests;
				SDKROOT = iphoneos;
				TARGETED_DEVICE_FAMILY = "1,2";
				TEST_HOST = "$(BUILT_PRODUCTS_DIR)/Looper.app/$(BUNDLE_EXECUTABLE_FOLDER_PATH)/Looper";
			};
			name = Debug;
		};
		7B208A3822647D0103B5DA28 /* Debug */ = {
			isa = XCBuildConfiguration;
			buildSettings = {
				ALWAYS_SEARCH_USER_PATHS = NO;
				CLANG_ANALYZER_NONNULL = YES;
				CLANG_ANALYZER_NUMBER_OBJECT_CONVERSION = YES_AGGRESSIVE;
				CLANG_CXX_LANGUAGE_STANDARD = "gnu++14";
				CLANG_CXX_LIBRARY = "libc++";
				CLANG_ENABLE_MODULES = YES;
				CLANG_ENABLE_OBJC_ARC = YES;
				CLANG_ENABLE_OBJC_WEAK = YES;
				CLANG_WARN_BLOCK_CAPTURE_AUTORELEASING = YES;
				CLANG_WARN_BOOL_CONVERSION = YES;
				CLANG_WARN_COMMA = YES;
				CLANG_WARN_CONSTANT_CONVERSION = YES;
				CLANG_WARN_DEPRECATED_OBJC_IMPLEMENTATIONS = YES;
				CLANG_WARN_DIRECT_OBJC_ISA_USAGE = YES_ERROR;
				CLANG_WARN_DOCUMENTATION_COMMENTS = YES;
				CLANG_WARN_EMPTY_BODY = YES;
				CLANG_WARN_ENUM_CONVERSION = YES;
				CLANG_WARN_INFINITE_RECURSION = YES;
				CLANG_WARN_INT_CONVERSION = YES;
				CLANG_WARN_NON_LITERAL_NULL_CONVERSION = YES;
				CLANG_WARN_OBJC_IMPLICIT_RETAIN_SELF = YES;
				CLANG_WARN_OBJC_LITERAL_CONVERSION = YES;
				CLANG_WARN_OBJC_ROOT_CLASS = YES_ERROR;
				CLANG_WARN_QUOTED_INCLUDE_IN_FRAMEWORK_HEADER = YES;
				CLANG_WARN_RANGE_LOOP_ANALYSIS = YES;
				CLANG_WARN_STRICT_PROTOTYPES = YES;
				CLANG_WARN_SUSPICIOUS_MOVE = YES;
				CLANG_WARN_UNGUARDED_AVAILABILITY = YES_AGGRESSIVE;
				CLANG_WARN_UNREACHABLE_CODE = YES;
				CLANG_WARN__DUPLICATE_METHOD_MATCH = YES;
				COPY_PHASE_STRIP = NO;
				DEBUG_INFORMATION_FORMAT = dwarf;
				ENABLE_STRICT_OBJC_MSGSEND = YES;
				ENABLE_TESTABILITY = YES;
				GCC_C_LANGUAGE_STANDARD = gnu11;
				GCC_DYNAMIC_NO_PIC = NO;
				GCC_NO_COMMON_BLOCKS = YES;
				GCC_OPTIMIZATION_LEVEL = 0;
				GCC_PREPROCESSOR_DEFINITIONS = (
					"$(inherited)",
					"DEBUG=1",
				);
				GCC_WARN_64_TO_32_BIT_CONVERSION = YES;
				GCC_WARN_ABOUT_RETURN_TYPE = YES_ERROR;
				GCC_WARN_UNDECLARED_SELECTOR = YES;
				GCC_WARN_UNINITIALIZED_AUTOS = YES_AGGRESSIVE;
				GCC_WARN_UNUSED_FUNCTION = YES;
				GCC_WARN_UNUSED_VARIABLE = YES;
				MTL_ENABLE_DEBUG_INFO = INCLUDE_SOURCE;
				MTL_FAST_MATH = YES;
				ONLY_ACTIVE_ARCH = YES;
				PRODUCT_NAME = "$(TARGET_NAME)";
				SDKROOT = iphoneos;
				SUPPORTED_PLATFORMS = "iphoneos iphonesimulator";
				SWIFT_ACTIVE_COMPILATION_CONDITIONS = DEBUG;
				SWIFT_OPTIMIZATION_LEVEL = "-Onone";
				SWIFT_VERSION = 6.0;
			};
			name = Debug;
		};
		8D3D1D1401D12B7FDFD733B8 /* Debug */ = {
			isa = XCBuildConfiguration;
			buildSettings = {
				BUNDLE_LOADER = "$(TEST_HOST)";
				CODE_SIGN_STYLE = Automatic;
				DEVELOPMENT_TEAM = Z5454ZPPUX;
				GENERATE_INFOPLIST_FILE = YES;
				IPHONEOS_DEPLOYMENT_TARGET = 18.0;
				LD_RUNPATH_SEARCH_PATHS = (
					"$(inherited)",
					"@executable_path/Frameworks",
					"@loader_path/Frameworks",
				);
				PRODUCT_BUNDLE_IDENTIFIER = dev.looper.app.ios.uitests;
				PRODUCT_NAME = LooperCompanionUITests;
				SDKROOT = iphoneos;
				TARGETED_DEVICE_FAMILY = "1,2";
				TEST_TARGET_NAME = LooperCompanion;
			};
			name = Debug;
		};
		96DC10665741015A522FC1ED /* Release */ = {
			isa = XCBuildConfiguration;
			buildSettings = {
				BUNDLE_LOADER = "$(TEST_HOST)";
				CODE_SIGN_STYLE = Automatic;
				DEVELOPMENT_TEAM = Z5454ZPPUX;
				GENERATE_INFOPLIST_FILE = YES;
				IPHONEOS_DEPLOYMENT_TARGET = 18.0;
				LD_RUNPATH_SEARCH_PATHS = (
					"$(inherited)",
					"@executable_path/Frameworks",
					"@loader_path/Frameworks",
				);
				PRODUCT_BUNDLE_IDENTIFIER = dev.looper.app.ios.uitests;
				PRODUCT_NAME = LooperCompanionUITests;
				SDKROOT = iphoneos;
				TARGETED_DEVICE_FAMILY = "1,2";
				TEST_TARGET_NAME = LooperCompanion;
			};
			name = Release;
		};
		F2CE5BE89C9F6B941C5FFE9B /* Release */ = {
			isa = XCBuildConfiguration;
			buildSettings = {
				BUNDLE_LOADER = "$(TEST_HOST)";
				CODE_SIGN_STYLE = Automatic;
				DEVELOPMENT_TEAM = Z5454ZPPUX;
				GENERATE_INFOPLIST_FILE = YES;
				IPHONEOS_DEPLOYMENT_TARGET = 18.0;
				LD_RUNPATH_SEARCH_PATHS = (
					"$(inherited)",
					"@executable_path/Frameworks",
					"@loader_path/Frameworks",
				);
				PRODUCT_BUNDLE_IDENTIFIER = dev.looper.app.ios.tests;
				PRODUCT_NAME = LooperCompanionTests;
				SDKROOT = iphoneos;
				TARGETED_DEVICE_FAMILY = "1,2";
				TEST_HOST = "$(BUILT_PRODUCTS_DIR)/Looper.app/$(BUNDLE_EXECUTABLE_FOLDER_PATH)/Looper";
			};
			name = Release;
		};
		F4C9095E07E1694E1A218937 /* Debug */ = {
			isa = XCBuildConfiguration;
			buildSettings = {
				ASSETCATALOG_COMPILER_APPICON_NAME = AppIcon;
				CODE_SIGN_ENTITLEMENTS = LooperCompanion/LooperCompanion.Debug.entitlements;
				CODE_SIGN_IDENTITY = "iPhone Developer";
				CODE_SIGN_STYLE = Automatic;
				CURRENT_PROJECT_VERSION = 2;
				DEVELOPMENT_ASSET_PATHS = "\"LooperCompanion/Preview Content\"";
				DEVELOPMENT_TEAM = Z5454ZPPUX;
				ENABLE_DEBUG_DYLIB = NO;
				"EXCLUDED_ARCHS[sdk=iphonesimulator*]" = x86_64;
				GENERATE_INFOPLIST_FILE = NO;
				INFOPLIST_FILE = LooperCompanion/Info.plist;
				IPHONEOS_DEPLOYMENT_TARGET = 18.0;
				LD_RUNPATH_SEARCH_PATHS = (
					"$(inherited)",
					"@executable_path/Frameworks",
				);
				LOOPER_API_BASE_URL = "";
				LOOPER_API_BASE_URLS = "";
				MARKETING_VERSION = 1.2.0;
				PRODUCT_BUNDLE_IDENTIFIER = dev.looper.app.ios;
				PRODUCT_NAME = Looper;
				SDKROOT = iphoneos;
				SUPPORTED_PLATFORMS = "iphoneos iphonesimulator";
				SUPPORTS_MACCATALYST = NO;
				TARGETED_DEVICE_FAMILY = 1;
			};
			name = Debug;
		};
/* End XCBuildConfiguration section */

/* Begin XCConfigurationList section */
		2B57DF95CA95A8C0454D7783 /* Build configuration list for PBXNativeTarget "LooperCompanion" */ = {
			isa = XCConfigurationList;
			buildConfigurations = (
				F4C9095E07E1694E1A218937 /* Debug */,
				60D83E814B5149C38098C24A /* Release */,
			);
			defaultConfigurationIsVisible = 0;
			defaultConfigurationName = Debug;
		};
		45D88147CC7AB97DDAC0D3F5 /* Build configuration list for PBXNativeTarget "LooperCompanionTests" */ = {
			isa = XCConfigurationList;
			buildConfigurations = (
				761DA15A67BC4322EA6B0E43 /* Debug */,
				F2CE5BE89C9F6B941C5FFE9B /* Release */,
			);
			defaultConfigurationIsVisible = 0;
			defaultConfigurationName = Debug;
		};
		981ECBB889F3998E7E702FCB /* Build configuration list for PBXProject "LooperCompanion" */ = {
			isa = XCConfigurationList;
			buildConfigurations = (
				7B208A3822647D0103B5DA28 /* Debug */,
				74C2D17975D26DCD63F6691B /* Release */,
			);
			defaultConfigurationIsVisible = 0;
			defaultConfigurationName = Debug;
		};
		ACC22C126C08F6E3D4F9B1D9 /* Build configuration list for PBXNativeTarget "LooperCompanionUITests" */ = {
			isa = XCConfigurationList;
			buildConfigurations = (
				8D3D1D1401D12B7FDFD733B8 /* Debug */,
				96DC10665741015A522FC1ED /* Release */,
			);
			defaultConfigurationIsVisible = 0;
			defaultConfigurationName = Debug;
		};
/* End XCConfigurationList section */

/* Begin XCLocalSwiftPackageReference section */
		0EC860B1916B3DCDE31793A5 /* XCLocalSwiftPackageReference "../swift/LooperClientCore" */ = {
			isa = XCLocalSwiftPackageReference;
			relativePath = ../swift/LooperClientCore;
		};
		3554AC755BD33C16845B5833 /* XCLocalSwiftPackageReference "OrbCodeKit" */ = {
			isa = XCLocalSwiftPackageReference;
			relativePath = OrbCodeKit;
		};
		9D4ED450CF4A03C5F17E1BAA /* XCLocalSwiftPackageReference "../swift/LooperRealtime" */ = {
			isa = XCLocalSwiftPackageReference;
			relativePath = ../swift/LooperRealtime;
		};
		B9671D4CAD974AF88DD98B73 /* XCLocalSwiftPackageReference "LooperCompanionCore" */ = {
			isa = XCLocalSwiftPackageReference;
			relativePath = LooperCompanionCore;
		};
/* End XCLocalSwiftPackageReference section */

/* Begin XCSwiftPackageProductDependency section */
		350D9F7D4859AEE6C3EC0E64 /* OrbCodeKit */ = {
			isa = XCSwiftPackageProductDependency;
			productName = OrbCodeKit;
		};
		4A1CE795142C8C486736E592 /* LooperCompanionCore */ = {
			isa = XCSwiftPackageProductDependency;
			productName = LooperCompanionCore;
		};
		4DA44BA34CBFEA3F1050C46E /* LooperRealtime */ = {
			isa = XCSwiftPackageProductDependency;
			productName = LooperRealtime;
		};
		F580FEAB34C64461E8EBC953 /* LooperClientCore */ = {
			isa = XCSwiftPackageProductDependency;
			productName = LooperClientCore;
		};
/* End XCSwiftPackageProductDependency section */
	};
	rootObject = 7142F25756133A2B39C55DB4 /* Project object */;
}
