{
  "originHash" : "c4fe30df05c1adb3507834ac8017d16f61ce1415d6351a9616df23a4e85fae04",
  "pins" : [
    {
      "identity" : "reaper-ios",
      "kind" : "remoteSourceControl",
      "location" : "https://github.com/getsentry/Reaper-iOS.git",
      "state" : {
        "revision" : "c9be8239b81e49870641bbaa475254de43e337be",
        "version" : "2.0.1"
      }
    }
  ],
  "version" : 3
}
